
Microsoft Visual Studio Solution File, Format Version 12.00
# Visual Studio Version 17
VisualStudioVersion = 17.0.31903.59
MinimumVisualStudioVersion = 10.0.40219.1
Project("{FAE04EC0-301F-11D3-BF4B-00C04F79EFBC}") = "WaterJugChallenge.UI", "WaterJugChallenge.UI\WaterJugChallenge.UI.csproj", "{51310FCC-8E08-40C0-BFBF-562DEEA87C71}"
EndProject
Project("{FAE04EC0-301F-11D3-BF4B-00C04F79EFBC}") = "WaterJugChallenge.Core", "WaterJugChallenge.Core\WaterJugChallenge.Core.csproj", "{783DECA4-CFE8-4B79-AB66-444E34A72727}"
EndProject
Global
	GlobalSection(SolutionConfigurationPlatforms) = preSolution
		Debug|Any CPU = Debug|Any CPU
		Release|Any CPU = Release|Any CPU
	EndGlobalSection
	GlobalSection(SolutionProperties) = preSolution
		HideSolutionNode = FALSE
	EndGlobalSection
	GlobalSection(ProjectConfigurationPlatforms) = postSolution
		{51310FCC-8E08-40C0-BFBF-562DEEA87C71}.Debug|Any CPU.ActiveCfg = Debug|Any CPU
		{51310FCC-8E08-40C0-BFBF-562DEEA87C71}.Debug|Any CPU.Build.0 = Debug|Any CPU
		{51310FCC-8E08-40C0-BFBF-562DEEA87C71}.Release|Any CPU.ActiveCfg = Release|Any CPU
		{51310FCC-8E08-40C0-BFBF-562DEEA87C71}.Release|Any CPU.Build.0 = Release|Any CPU
		{783DECA4-CFE8-4B79-AB66-444E34A72727}.Debug|Any CPU.ActiveCfg = Debug|Any CPU
		{783DECA4-CFE8-4B79-AB66-444E34A72727}.Debug|Any CPU.Build.0 = Debug|Any CPU
		{783DECA4-CFE8-4B79-AB66-444E34A72727}.Release|Any CPU.ActiveCfg = Release|Any CPU
		{783DECA4-CFE8-4B79-AB66-444E34A72727}.Release|Any CPU.Build.0 = Release|Any CPU
	EndGlobalSection
EndGlobal
