
Microsoft Visual Studio Solution File, Format Version 12.00
# Visual Studio Version 17
VisualStudioVersion = 17.5.002.0
MinimumVisualStudioVersion = 10.0.40219.1
Project("{9A19103F-16F7-4668-BE54-9A1E7A4F7556}") = "WaterJugChallenge.UI", "WaterJugChallenge.UI.csproj", "{F0B340DA-CC9F-4CB7-9D62-10BEA1CB4389}"
EndProject
Global
	GlobalSection(SolutionConfigurationPlatforms) = preSolution
		Debug|Any CPU = Debug|Any CPU
		Release|Any CPU = Release|Any CPU
	EndGlobalSection
	GlobalSection(ProjectConfigurationPlatforms) = postSolution
		{F0B340DA-CC9F-4CB7-9D62-10BEA1CB4389}.Debug|Any CPU.ActiveCfg = Debug|Any CPU
		{F0B340DA-CC9F-4CB7-9D62-10BEA1CB4389}.Debug|Any CPU.Build.0 = Debug|Any CPU
		{F0B340DA-CC9F-4CB7-9D62-10BEA1CB4389}.Release|Any CPU.ActiveCfg = Release|Any CPU
		{F0B340DA-CC9F-4CB7-9D62-10BEA1CB4389}.Release|Any CPU.Build.0 = Release|Any CPU
	EndGlobalSection
	GlobalSection(SolutionProperties) = preSolution
		HideSolutionNode = FALSE
	EndGlobalSection
	GlobalSection(ExtensibilityGlobals) = postSolution
		SolutionGuid = {8DE34503-82FA-4F76-892A-23AD7F7A8C5B}
	EndGlobalSection
EndGlobal
